// !$*UTF8*$!
{
	archiveVersion = 1;
	classes = {
	};
	objectVersion = 46;
	objects = {

/* Begin PBXBuildFile section */
		4BB410C51BD7350B00D989C3 /* AppDelegate.swift in Sources */ = {isa = PBXBuildFile; fileRef = 4BB410C41BD7350B00D989C3 /* AppDelegate.swift */; };
		4BB410C71BD7350B00D989C3 /* ViewController.swift in Sources */ = {isa = PBXBuildFile; fileRef = 4BB410C61BD7350B00D989C3 /* ViewController.swift */; };
		4BB410CA1BD7350B00D989C3 /* Main.storyboard in Resources */ = {isa = PBXBuildFile; fileRef = 4BB410C81BD7350B00D989C3 /* Main.storyboard */; };
		4BB410CC1BD7350B00D989C3 /* Assets.xcassets in Resources */ = {isa = PBXBuildFile; fileRef = 4BB410CB1BD7350B00D989C3 /* Assets.xcassets */; };
		4BB410CF1BD7350B00D989C3 /* LaunchScreen.storyboard in Resources */ = {isa = PBXBuildFile; fileRef = 4BB410CD1BD7350B00D989C3 /* LaunchScreen.storyboard */; };
		4BB410DA1BD7350B00D989C3 /* iOSExtensionExampleTests.swift in Sources */ = {isa = PBXBuildFile; fileRef = 4BB410D91BD7350B00D989C3 /* iOSExtensionExampleTests.swift */; };
		4BB410E51BD7350B00D989C3 /* iOSExtensionExampleUITests.swift in Sources */ = {isa = PBXBuildFile; fileRef = 4BB410E41BD7350B00D989C3 /* iOSExtensionExampleUITests.swift */; };
		4BB410F91BD7354800D989C3 /* ActionViewController.swift in Sources */ = {isa = PBXBuildFile; fileRef = 4BB410F81BD7354800D989C3 /* ActionViewController.swift */; };
		4BB410FC1BD7354800D989C3 /* MainInterface.storyboard in Resources */ = {isa = PBXBuildFile; fileRef = 4BB410FA1BD7354800D989C3 /* MainInterface.storyboard */; };
		4BB411001BD7354800D989C3 /* MeterFeet.appex in Embed App Extensions */ = {isa = PBXBuildFile; fileRef = 4BB410F61BD7354800D989C3 /* MeterFeet.appex */; settings = {ATTRIBUTES = (RemoveHeadersOnCopy, ); }; };
/* End PBXBuildFile section */

/* Begin PBXContainerItemProxy section */
		4BB410D61BD7350B00D989C3 /* PBXContainerItemProxy */ = {
			isa = PBXContainerItemProxy;
			containerPortal = 4BB410B91BD7350B00D989C3 /* Project object */;
			proxyType = 1;
			remoteGlobalIDString = 4BB410C01BD7350B00D989C3;
			remoteInfo = iOSExtensionExample;
		};
		4BB410E11BD7350B00D989C3 /* PBXContainerItemProxy */ = {
			isa = PBXContainerItemProxy;
			containerPortal = 4BB410B91BD7350B00D989C3 /* Project object */;
			proxyType = 1;
			remoteGlobalIDString = 4BB410C01BD7350B00D989C3;
			remoteInfo = iOSExtensionExample;
		};
		4BB410FE1BD7354800D989C3 /* PBXContainerItemProxy */ = {
			isa = PBXContainerItemProxy;
			containerPortal = 4BB410B91BD7350B00D989C3 /* Project object */;
			proxyType = 1;
			remoteGlobalIDString = 4BB410F51BD7354800D989C3;
			remoteInfo = MeterFeet;
		};
/* End PBXContainerItemProxy section */

/* Begin PBXCopyFilesBuildPhase section */
		4BB411041BD7354800D989C3 /* Embed App Extensions */ = {
			isa = PBXCopyFilesBuildPhase;
			buildActionMask = 2147483647;
			dstPath = "";
			dstSubfolderSpec = 13;
			files = (
				4BB411001BD7354800D989C3 /* MeterFeet.appex in Embed App Extensions */,
			);
			name = "Embed App Extensions";
			runOnlyForDeploymentPostprocessing = 0;
		};
/* End PBXCopyFilesBuildPhase section */

/* Begin PBXFileReference section */
		4BB410C11BD7350B00D989C3 /* iOSExtensionExample.app */ = {isa = PBXFileReference; explicitFileType = wrapper.application; includeInIndex = 0; path = iOSExtensionExample.app; sourceTree = BUILT_PRODUCTS_DIR; };
		4BB410C41BD7350B00D989C3 /* AppDelegate.swift */ = {isa = PBXFileReference; lastKnownFileType = sourcecode.swift; path = AppDelegate.swift; sourceTree = "<group>"; };
		4BB410C61BD7350B00D989C3 /* ViewController.swift */ = {isa = PBXFileReference; lastKnownFileType = sourcecode.swift; path = ViewController.swift; sourceTree = "<group>"; };
		4BB410C91BD7350B00D989C3 /* Base */ = {isa = PBXFileReference; lastKnownFileType = file.storyboard; name = Base; path = Base.lproj/Main.storyboard; sourceTree = "<group>"; };
		4BB410CB1BD7350B00D989C3 /* Assets.xcassets */ = {isa = PBXFileReference; lastKnownFileType = folder.assetcatalog; path = Assets.xcassets; sourceTree = "<group>"; };
		4BB410CE1BD7350B00D989C3 /* Base */ = {isa = PBXFileReference; lastKnownFileType = file.storyboard; name = Base; path = Base.lproj/LaunchScreen.storyboard; sourceTree = "<group>"; };
		4BB410D01BD7350B00D989C3 /* Info.plist */ = {isa = PBXFileReference; lastKnownFileType = text.plist.xml; path = Info.plist; sourceTree = "<group>"; };
		4BB410D51BD7350B00D989C3 /* iOSExtensionExampleTests.xctest */ = {isa = PBXFileReference; explicitFileType = wrapper.cfbundle; includeInIndex = 0; path = iOSExtensionExampleTests.xctest; sourceTree = BUILT_PRODUCTS_DIR; };
		4BB410D91BD7350B00D989C3 /* iOSExtensionExampleTests.swift */ = {isa = PBXFileReference; lastKnownFileType = sourcecode.swift; path = iOSExtensionExampleTests.swift; sourceTree = "<group>"; };
		4BB410DB1BD7350B00D989C3 /* Info.plist */ = {isa = PBXFileReference; lastKnownFileType = text.plist.xml; path = Info.plist; sourceTree = "<group>"; };
		4BB410E01BD7350B00D989C3 /* iOSExtensionExampleUITests.xctest */ = {isa = PBXFileReference; explicitFileType = wrapper.cfbundle; includeInIndex = 0; path = iOSExtensionExampleUITests.xctest; sourceTree = BUILT_PRODUCTS_DIR; };
		4BB410E41BD7350B00D989C3 /* iOSExtensionExampleUITests.swift */ = {isa = PBXFileReference; lastKnownFileType = sourcecode.swift; path = iOSExtensionExampleUITests.swift; sourceTree = "<group>"; };
		4BB410E61BD7350B00D989C3 /* Info.plist */ = {isa = PBXFileReference; lastKnownFileType = text.plist.xml; path = Info.plist; sourceTree = "<group>"; };
		4BB410F61BD7354800D989C3 /* MeterFeet.appex */ = {isa = PBXFileReference; explicitFileType = "wrapper.app-extension"; includeInIndex = 0; path = MeterFeet.appex; sourceTree = BUILT_PRODUCTS_DIR; };
		4BB410F81BD7354800D989C3 /* ActionViewController.swift */ = {isa = PBXFileReference; lastKnownFileType = sourcecode.swift; path = ActionViewController.swift; sourceTree = "<group>"; };
		4BB410FB1BD7354800D989C3 /* Base */ = {isa = PBXFileReference; lastKnownFileType = file.storyboard; name = Base; path = Base.lproj/MainInterface.storyboard; sourceTree = "<group>"; };
		4BB410FD1BD7354800D989C3 /* Info.plist */ = {isa = PBXFileReference; lastKnownFileType = text.plist.xml; path = Info.plist; sourceTree = "<group>"; };
/* End PBXFileReference section */

/* Begin PBXFrameworksBuildPhase section */
		4BB410BE1BD7350B00D989C3 /* Frameworks */ = {
			isa = PBXFrameworksBuildPhase;
			buildActionMask = 2147483647;
			files = (
			);
			runOnlyForDeploymentPostprocessing = 0;
		};
		4BB410D21BD7350B00D989C3 /* Frameworks */ = {
			isa = PBXFrameworksBuildPhase;
			buildActionMask = 2147483647;
			files = (
			);
			runOnlyForDeploymentPostprocessing = 0;
		};
		4BB410DD1BD7350B00D989C3 /* Frameworks */ = {
			isa = PBXFrameworksBuildPhase;
			buildActionMask = 2147483647;
			files = (
			);
			runOnlyForDeploymentPostprocessing = 0;
		};
		4BB410F31BD7354800D989C3 /* Frameworks */ = {
			isa = PBXFrameworksBuildPhase;
			buildActionMask = 2147483647;
			files = (
			);
			runOnlyForDeploymentPostprocessing = 0;
		};
/* End PBXFrameworksBuildPhase section */

/* Begin PBXGroup section */
		4BB410B81BD7350B00D989C3 = {
			isa = PBXGroup;
			children = (
				4BB410C31BD7350B00D989C3 /* iOSExtensionExample */,
				4BB410D81BD7350B00D989C3 /* iOSExtensionExampleTests */,
				4BB410E31BD7350B00D989C3 /* iOSExtensionExampleUITests */,
				4BB410F71BD7354800D989C3 /* MeterFeet */,
				4BB410C21BD7350B00D989C3 /* Products */,
			);
			sourceTree = "<group>";
		};
		4BB410C21BD7350B00D989C3 /* Products */ = {
			isa = PBXGroup;
			children = (
				4BB410C11BD7350B00D989C3 /* iOSExtensionExample.app */,
				4BB410D51BD7350B00D989C3 /* iOSExtensionExampleTests.xctest */,
				4BB410E01BD7350B00D989C3 /* iOSExtensionExampleUITests.xctest */,
				4BB410F61BD7354800D989C3 /* MeterFeet.appex */,
			);
			name = Products;
			sourceTree = "<group>";
		};
		4BB410C31BD7350B00D989C3 /* iOSExtensionExample */ = {
			isa = PBXGroup;
			children = (
				4BB410C41BD7350B00D989C3 /* AppDelegate.swift */,
				4BB410C61BD7350B00D989C3 /* ViewController.swift */,
				4BB410C81BD7350B00D989C3 /* Main.storyboard */,
				4BB410CB1BD7350B00D989C3 /* Assets.xcassets */,
				4BB410CD1BD7350B00D989C3 /* LaunchScreen.storyboard */,
				4BB410D01BD7350B00D989C3 /* Info.plist */,
			);
			path = iOSExtensionExample;
			sourceTree = "<group>";
		};
		4BB410D81BD7350B00D989C3 /* iOSExtensionExampleTests */ = {
			isa = PBXGroup;
			children = (
				4BB410D91BD7350B00D989C3 /* iOSExtensionExampleTests.swift */,
				4BB410DB1BD7350B00D989C3 /* Info.plist */,
			);
			path = iOSExtensionExampleTests;
			sourceTree = "<group>";
		};
		4BB410E31BD7350B00D989C3 /* iOSExtensionExampleUITests */ = {
			isa = PBXGroup;
			children = (
				4BB410E41BD7350B00D989C3 /* iOSExtensionExampleUITests.swift */,
				4BB410E61BD7350B00D989C3 /* Info.plist */,
			);
			path = iOSExtensionExampleUITests;
			sourceTree = "<group>";
		};
		4BB410F71BD7354800D989C3 /* MeterFeet */ = {
			isa = PBXGroup;
			children = (
				4BB410F81BD7354800D989C3 /* ActionViewController.swift */,
				4BB410FA1BD7354800D989C3 /* MainInterface.storyboard */,
				4BB410FD1BD7354800D989C3 /* Info.plist */,
			);
			path = MeterFeet;
			sourceTree = "<group>";
		};
/* End PBXGroup section */

/* Begin PBXNativeTarget section */
		4BB410C01BD7350B00D989C3 /* iOSExtensionExample */ = {
			isa = PBXNativeTarget;
			buildConfigurationList = 4BB410E91BD7350B00D989C3 /* Build configuration list for PBXNativeTarget "iOSExtensionExample" */;
			buildPhases = (
				4BB410BD1BD7350B00D989C3 /* Sources */,
				4BB410BE1BD7350B00D989C3 /* Frameworks */,
				4BB410BF1BD7350B00D989C3 /* Resources */,
				4BB411041BD7354800D989C3 /* Embed App Extensions */,
			);
			buildRules = (
			);
			dependencies = (
				4BB410FF1BD7354800D989C3 /* PBXTargetDependency */,
			);
			name = iOSExtensionExample;
			productName = iOSExtensionExample;
			productReference = 4BB410C11BD7350B00D989C3 /* iOSExtensionExample.app */;
			productType = "com.apple.product-type.application";
		};
		4BB410D41BD7350B00D989C3 /* iOSExtensionExampleTests */ = {
			isa = PBXNativeTarget;
			buildConfigurationList = 4BB410EC1BD7350B00D989C3 /* Build configuration list for PBXNativeTarget "iOSExtensionExampleTests" */;
			buildPhases = (
				4BB410D11BD7350B00D989C3 /* Sources */,
				4BB410D21BD7350B00D989C3 /* Frameworks */,
				4BB410D31BD7350B00D989C3 /* Resources */,
			);
			buildRules = (
			);
			dependencies = (
				4BB410D71BD7350B00D989C3 /* PBXTargetDependency */,
			);
			name = iOSExtensionExampleTests;
			productName = iOSExtensionExampleTests;
			productReference = 4BB410D51BD7350B00D989C3 /* iOSExtensionExampleTests.xctest */;
			productType = "com.apple.product-type.bundle.unit-test";
		};
		4BB410DF1BD7350B00D989C3 /* iOSExtensionExampleUITests */ = {
			isa = PBXNativeTarget;
			buildConfigurationList = 4BB410EF1BD7350B00D989C3 /* Build configuration list for PBXNativeTarget "iOSExtensionExampleUITests" */;
			buildPhases = (
				4BB410DC1BD7350B00D989C3 /* Sources */,
				4BB410DD1BD7350B00D989C3 /* Frameworks */,
				4BB410DE1BD7350B00D989C3 /* Resources */,
			);
			buildRules = (
			);
			dependencies = (
				4BB410E21BD7350B00D989C3 /* PBXTargetDependency */,
			);
			name = iOSExtensionExampleUITests;
			productName = iOSExtensionExampleUITests;
			productReference = 4BB410E01BD7350B00D989C3 /* iOSExtensionExampleUITests.xctest */;
			productType = "com.apple.product-type.bundle.ui-testing";
		};
		4BB410F51BD7354800D989C3 /* MeterFeet */ = {
			isa = PBXNativeTarget;
			buildConfigurationList = 4BB411011BD7354800D989C3 /* Build configuration list for PBXNativeTarget "MeterFeet" */;
			buildPhases = (
				4BB410F21BD7354800D989C3 /* Sources */,
				4BB410F31BD7354800D989C3 /* Frameworks */,
				4BB410F41BD7354800D989C3 /* Resources */,
			);
			buildRules = (
			);
			dependencies = (
			);
			name = MeterFeet;
			productName = MeterFeet;
			productReference = 4BB410F61BD7354800D989C3 /* MeterFeet.appex */;
			productType = "com.apple.product-type.app-extension";
		};
/* End PBXNativeTarget section */

/* Begin PBXProject section */
		4BB410B91BD7350B00D989C3 /* Project object */ = {
			isa = PBXProject;
			attributes = {
				LastUpgradeCheck = 0700;
				ORGANIZATIONNAME = "Christopher Williams";
				TargetAttributes = {
					4BB410C01BD7350B00D989C3 = {
						CreatedOnToolsVersion = 7.0.1;
					};
					4BB410D41BD7350B00D989C3 = {
						CreatedOnToolsVersion = 7.0.1;
						TestTargetID = 4BB410C01BD7350B00D989C3;
					};
					4BB410DF1BD7350B00D989C3 = {
						CreatedOnToolsVersion = 7.0.1;
						TestTargetID = 4BB410C01BD7350B00D989C3;
					};
					4BB410F51BD7354800D989C3 = {
						CreatedOnToolsVersion = 7.0.1;
					};
				};
			};
			buildConfigurationList = 4BB410BC1BD7350B00D989C3 /* Build configuration list for PBXProject "iOSExtensionExample" */;
			compatibilityVersion = "Xcode 3.2";
			developmentRegion = English;
			hasScannedForEncodings = 0;
			knownRegions = (
				en,
				Base,
			);
			mainGroup = 4BB410B81BD7350B00D989C3;
			productRefGroup = 4BB410C21BD7350B00D989C3 /* Products */;
			projectDirPath = "";
			projectRoot = "";
			targets = (
				4BB410C01BD7350B00D989C3 /* iOSExtensionExample */,
				4BB410D41BD7350B00D989C3 /* iOSExtensionExampleTests */,
				4BB410DF1BD7350B00D989C3 /* iOSExtensionExampleUITests */,
				4BB410F51BD7354800D989C3 /* MeterFeet */,
			);
		};
/* End PBXProject section */

/* Begin PBXResourcesBuildPhase section */
		4BB410BF1BD7350B00D989C3 /* Resources */ = {
			isa = PBXResourcesBuildPhase;
			buildActionMask = 2147483647;
			files = (
				4BB410CF1BD7350B00D989C3 /* LaunchScreen.storyboard in Resources */,
				4BB410CC1BD7350B00D989C3 /* Assets.xcassets in Resources */,
				4BB410CA1BD7350B00D989C3 /* Main.storyboard in Resources */,
			);
			runOnlyForDeploymentPostprocessing = 0;
		};
		4BB410D31BD7350B00D989C3 /* Resources */ = {
			isa = PBXResourcesBuildPhase;
			buildActionMask = 2147483647;
			files = (
			);
			runOnlyForDeploymentPostprocessing = 0;
		};
		4BB410DE1BD7350B00D989C3 /* Resources */ = {
			isa = PBXResourcesBuildPhase;
			buildActionMask = 2147483647;
			files = (
			);
			runOnlyForDeploymentPostprocessing = 0;
		};
		4BB410F41BD7354800D989C3 /* Resources */ = {
			isa = PBXResourcesBuildPhase;
			buildActionMask = 2147483647;
			files = (
				4BB410FC1BD7354800D989C3 /* MainInterface.storyboard in Resources */,
			);
			runOnlyForDeploymentPostprocessing = 0;
		};
/* End PBXResourcesBuildPhase section */

/* Begin PBXSourcesBuildPhase section */
		4BB410BD1BD7350B00D989C3 /* Sources */ = {
			isa = PBXSourcesBuildPhase;
			buildActionMask = 2147483647;
			files = (
				4BB410C71BD7350B00D989C3 /* ViewController.swift in Sources */,
				4BB410C51BD7350B00D989C3 /* AppDelegate.swift in Sources */,
			);
			runOnlyForDeploymentPostprocessing = 0;
		};
		4BB410D11BD7350B00D989C3 /* Sources */ = {
			isa = PBXSourcesBuildPhase;
			buildActionMask = 2147483647;
			files = (
				4BB410DA1BD7350B00D989C3 /* iOSExtensionExampleTests.swift in Sources */,
			);
			runOnlyForDeploymentPostprocessing = 0;
		};
		4BB410DC1BD7350B00D989C3 /* Sources */ = {
			isa = PBXSourcesBuildPhase;
			buildActionMask = 2147483647;
			files = (
				4BB410E51BD7350B00D989C3 /* iOSExtensionExampleUITests.swift in Sources */,
			);
			runOnlyForDeploymentPostprocessing = 0;
		};
		4BB410F21BD7354800D989C3 /* Sources */ = {
			isa = PBXSourcesBuildPhase;
			buildActionMask = 2147483647;
			files = (
				4BB410F91BD7354800D989C3 /* ActionViewController.swift in Sources */,
			);
			runOnlyForDeploymentPostprocessing = 0;
		};
/* End PBXSourcesBuildPhase section */

/* Begin PBXTargetDependency section */
		4BB410D71BD7350B00D989C3 /* PBXTargetDependency */ = {
			isa = PBXTargetDependency;
			target = 4BB410C01BD7350B00D989C3 /* iOSExtensionExample */;
			targetProxy = 4BB410D61BD7350B00D989C3 /* PBXContainerItemProxy */;
		};
		4BB410E21BD7350B00D989C3 /* PBXTargetDependency */ = {
			isa = PBXTargetDependency;
			target = 4BB410C01BD7350B00D989C3 /* iOSExtensionExample */;
			targetProxy = 4BB410E11BD7350B00D989C3 /* PBXContainerItemProxy */;
		};
		4BB410FF1BD7354800D989C3 /* PBXTargetDependency */ = {
			isa = PBXTargetDependency;
			target = 4BB410F51BD7354800D989C3 /* MeterFeet */;
			targetProxy = 4BB410FE1BD7354800D989C3 /* PBXContainerItemProxy */;
		};
/* End PBXTargetDependency section */

/* Begin PBXVariantGroup section */
		4BB410C81BD7350B00D989C3 /* Main.storyboard */ = {
			isa = PBXVariantGroup;
			children = (
				4BB410C91BD7350B00D989C3 /* Base */,
			);
			name = Main.storyboard;
			sourceTree = "<group>";
		};
		4BB410CD1BD7350B00D989C3 /* LaunchScreen.storyboard */ = {
			isa = PBXVariantGroup;
			children = (
				4BB410CE1BD7350B00D989C3 /* Base */,
			);
			name = LaunchScreen.storyboard;
			sourceTree = "<group>";
		};
		4BB410FA1BD7354800D989C3 /* MainInterface.storyboard */ = {
			isa = PBXVariantGroup;
			children = (
				4BB410FB1BD7354800D989C3 /* Base */,
			);
			name = MainInterface.storyboard;
			sourceTree = "<group>";
		};
/* End PBXVariantGroup section */

/* Begin XCBuildConfiguration section */
		4BB410E71BD7350B00D989C3 /* Debug */ = {
			isa = XCBuildConfiguration;
			buildSettings = {
				ALWAYS_SEARCH_USER_PATHS = NO;
				CLANG_CXX_LANGUAGE_STANDARD = "gnu++0x";
				CLANG_CXX_LIBRARY = "libc++";
				CLANG_ENABLE_MODULES = YES;
				CLANG_ENABLE_OBJC_ARC = YES;
				CLANG_WARN_BOOL_CONVERSION = YES;
				CLANG_WARN_CONSTANT_CONVERSION = YES;
				CLANG_WARN_DIRECT_OBJC_ISA_USAGE = YES_ERROR;
				CLANG_WARN_EMPTY_BODY = YES;
				CLANG_WARN_ENUM_CONVERSION = YES;
				CLANG_WARN_INT_CONVERSION = YES;
				CLANG_WARN_OBJC_ROOT_CLASS = YES_ERROR;
				CLANG_WARN_UNREACHABLE_CODE = YES;
				CLANG_WARN__DUPLICATE_METHOD_MATCH = YES;
				"CODE_SIGN_IDENTITY[sdk=iphoneos*]" = "iPhone Developer";
				COPY_PHASE_STRIP = NO;
				DEBUG_INFORMATION_FORMAT = dwarf;
				ENABLE_STRICT_OBJC_MSGSEND = YES;
				ENABLE_TESTABILITY = YES;
				GCC_C_LANGUAGE_STANDARD = gnu99;
				GCC_DYNAMIC_NO_PIC = NO;
				GCC_NO_COMMON_BLOCKS = YES;
				GCC_OPTIMIZATION_LEVEL = 0;
				GCC_PREPROCESSOR_DEFINITIONS = (
					"DEBUG=1",
					"$(inherited)",
				);
				GCC_WARN_64_TO_32_BIT_CONVERSION = YES;
				GCC_WARN_ABOUT_RETURN_TYPE = YES_ERROR;
				GCC_WARN_UNDECLARED_SELECTOR = YES;
				GCC_WARN_UNINITIALIZED_AUTOS = YES_AGGRESSIVE;
				GCC_WARN_UNUSED_FUNCTION = YES;
				GCC_WARN_UNUSED_VARIABLE = YES;
				IPHONEOS_DEPLOYMENT_TARGET = 9.0;
				MTL_ENABLE_DEBUG_INFO = YES;
				ONLY_ACTIVE_ARCH = YES;
				SDKROOT = iphoneos;
				SWIFT_OPTIMIZATION_LEVEL = "-Onone";
				TARGETED_DEVICE_FAMILY = "1,2";
			};
			name = Debug;
		};
		4BB410E81BD7350B00D989C3 /* Release */ = {
			isa = XCBuildConfiguration;
			buildSettings = {
				ALWAYS_SEARCH_USER_PATHS = NO;
				CLANG_CXX_LANGUAGE_STANDARD = "gnu++0x";
				CLANG_CXX_LIBRARY = "libc++";
				CLANG_ENABLE_MODULES = YES;
				CLANG_ENABLE_OBJC_ARC = YES;
				CLANG_WARN_BOOL_CONVERSION = YES;
				CLANG_WARN_CONSTANT_CONVERSION = YES;
				CLANG_WARN_DIRECT_OBJC_ISA_USAGE = YES_ERROR;
				CLANG_WARN_EMPTY_BODY = YES;
				CLANG_WARN_ENUM_CONVERSION = YES;
				CLANG_WARN_INT_CONVERSION = YES;
				CLANG_WARN_OBJC_ROOT_CLASS = YES_ERROR;
				CLANG_WARN_UNREACHABLE_CODE = YES;
				CLANG_WARN__DUPLICATE_METHOD_MATCH = YES;
				"CODE_SIGN_IDENTITY[sdk=iphoneos*]" = "iPhone Developer";
				COPY_PHASE_STRIP = NO;
				DEBUG_INFORMATION_FORMAT = "dwarf-with-dsym";
				ENABLE_NS_ASSERTIONS = NO;
				ENABLE_STRICT_OBJC_MSGSEND = YES;
				GCC_C_LANGUAGE_STANDARD = gnu99;
				GCC_NO_COMMON_BLOCKS = YES;
				GCC_WARN_64_TO_32_BIT_CONVERSION = YES;
				GCC_WARN_ABOUT_RETURN_TYPE = YES_ERROR;
				GCC_WARN_UNDECLARED_SELECTOR = YES;
				GCC_WARN_UNINITIALIZED_AUTOS = YES_AGGRESSIVE;
				GCC_WARN_UNUSED_FUNCTION = YES;
				GCC_WARN_UNUSED_VARIABLE = YES;
				IPHONEOS_DEPLOYMENT_TARGET = 9.0;
				MTL_ENABLE_DEBUG_INFO = NO;
				SDKROOT = iphoneos;
				TARGETED_DEVICE_FAMILY = "1,2";
				VALIDATE_PRODUCT = YES;
			};
			name = Release;
		};
		4BB410EA1BD7350B00D989C3 /* Debug */ = {
			isa = XCBuildConfiguration;
			buildSettings = {
				ASSETCATALOG_COMPILER_APPICON_NAME = AppIcon;
				EMBEDDED_CONTENT_CONTAINS_SWIFT = YES;
				INFOPLIST_FILE = iOSExtensionExample/Info.plist;
				LD_RUNPATH_SEARCH_PATHS = "$(inherited) @executable_path/Frameworks";
				PRODUCT_BUNDLE_IDENTIFIER = me.christopherwilliams.iOSExtensionExample;
				PRODUCT_NAME = "$(TARGET_NAME)";
			};
			name = Debug;
		};
		4BB410EB1BD7350B00D989C3 /* Release */ = {
			isa = XCBuildConfiguration;
			buildSettings = {
				ASSETCATALOG_COMPILER_APPICON_NAME = AppIcon;
				EMBEDDED_CONTENT_CONTAINS_SWIFT = YES;
				INFOPLIST_FILE = iOSExtensionExample/Info.plist;
				LD_RUNPATH_SEARCH_PATHS = "$(inherited) @executable_path/Frameworks";
				PRODUCT_BUNDLE_IDENTIFIER = me.christopherwilliams.iOSExtensionExample;
				PRODUCT_NAME = "$(TARGET_NAME)";
			};
			name = Release;
		};
		4BB410ED1BD7350B00D989C3 /* Debug */ = {
			isa = XCBuildConfiguration;
			buildSettings = {
				BUNDLE_LOADER = "$(TEST_HOST)";
				INFOPLIST_FILE = iOSExtensionExampleTests/Info.plist;
				LD_RUNPATH_SEARCH_PATHS = "$(inherited) @executable_path/Frameworks @loader_path/Frameworks";
				PRODUCT_BUNDLE_IDENTIFIER = me.christopherwilliams.iOSExtensionExampleTests;
				PRODUCT_NAME = "$(TARGET_NAME)";
				TEST_HOST = "$(BUILT_PRODUCTS_DIR)/iOSExtensionExample.app/iOSExtensionExample";
			};
			name = Debug;
		};
		4BB410EE1BD7350B00D989C3 /* Release */ = {
			isa = XCBuildConfiguration;
			buildSettings = {
				BUNDLE_LOADER = "$(TEST_HOST)";
				INFOPLIST_FILE = iOSExtensionExampleTests/Info.plist;
				LD_RUNPATH_SEARCH_PATHS = "$(inherited) @executable_path/Frameworks @loader_path/Frameworks";
				PRODUCT_BUNDLE_IDENTIFIER = me.christopherwilliams.iOSExtensionExampleTests;
				PRODUCT_NAME = "$(TARGET_NAME)";
				TEST_HOST = "$(BUILT_PRODUCTS_DIR)/iOSExtensionExample.app/iOSExtensionExample";
			};
			name = Release;
		};
		4BB410F01BD7350B00D989C3 /* Debug */ = {
			isa = XCBuildConfiguration;
			buildSettings = {
				INFOPLIST_FILE = iOSExtensionExampleUITests/Info.plist;
				LD_RUNPATH_SEARCH_PATHS = "$(inherited) @executable_path/Frameworks @loader_path/Frameworks";
				PRODUCT_BUNDLE_IDENTIFIER = me.christopherwilliams.iOSExtensionExampleUITests;
				PRODUCT_NAME = "$(TARGET_NAME)";
				TEST_TARGET_NAME = iOSExtensionExample;
				USES_XCTRUNNER = YES;
			};
			name = Debug;
		};
		4BB410F11BD7350B00D989C3 /* Release */ = {
			isa = XCBuildConfiguration;
			buildSettings = {
				INFOPLIST_FILE = iOSExtensionExampleUITests/Info.plist;
				LD_RUNPATH_SEARCH_PATHS = "$(inherited) @executable_path/Frameworks @loader_path/Frameworks";
				PRODUCT_BUNDLE_IDENTIFIER = me.christopherwilliams.iOSExtensionExampleUITests;
				PRODUCT_NAME = "$(TARGET_NAME)";
				TEST_TARGET_NAME = iOSExtensionExample;
				USES_XCTRUNNER = YES;
			};
			name = Release;
		};
		4BB411021BD7354800D989C3 /* Debug */ = {
			isa = XCBuildConfiguration;
			buildSettings = {
				INFOPLIST_FILE = MeterFeet/Info.plist;
				LD_RUNPATH_SEARCH_PATHS = "$(inherited) @executable_path/Frameworks @executable_path/../../Frameworks";
				PRODUCT_BUNDLE_IDENTIFIER = me.christopherwilliams.iOSExtensionExample.MeterFeet;
				PRODUCT_NAME = "$(TARGET_NAME)";
				SKIP_INSTALL = YES;
			};
			name = Debug;
		};
		4BB411031BD7354800D989C3 /* Release */ = {
			isa = XCBuildConfiguration;
			buildSettings = {
				INFOPLIST_FILE = MeterFeet/Info.plist;
				LD_RUNPATH_SEARCH_PATHS = "$(inherited) @executable_path/Frameworks @executable_path/../../Frameworks";
				PRODUCT_BUNDLE_IDENTIFIER = me.christopherwilliams.iOSExtensionExample.MeterFeet;
				PRODUCT_NAME = "$(TARGET_NAME)";
				SKIP_INSTALL = YES;
			};
			name = Release;
		};
/* End XCBuildConfiguration section */

/* Begin XCConfigurationList section */
		4BB410BC1BD7350B00D989C3 /* Build configuration list for PBXProject "iOSExtensionExample" */ = {
			isa = XCConfigurationList;
			buildConfigurations = (
				4BB410E71BD7350B00D989C3 /* Debug */,
				4BB410E81BD7350B00D989C3 /* Release */,
			);
			defaultConfigurationIsVisible = 0;
			defaultConfigurationName = Release;
		};
		4BB410E91BD7350B00D989C3 /* Build configuration list for PBXNativeTarget "iOSExtensionExample" */ = {
			isa = XCConfigurationList;
			buildConfigurations = (
				4BB410EA1BD7350B00D989C3 /* Debug */,
				4BB410EB1BD7350B00D989C3 /* Release */,
			);
			defaultConfigurationIsVisible = 0;
		};
		4BB410EC1BD7350B00D989C3 /* Build configuration list for PBXNativeTarget "iOSExtensionExampleTests" */ = {
			isa = XCConfigurationList;
			buildConfigurations = (
				4BB410ED1BD7350B00D989C3 /* Debug */,
				4BB410EE1BD7350B00D989C3 /* Release */,
			);
			defaultConfigurationIsVisible = 0;
		};
		4BB410EF1BD7350B00D989C3 /* Build configuration list for PBXNativeTarget "iOSExtensionExampleUITests" */ = {
			isa = XCConfigurationList;
			buildConfigurations = (
				4BB410F01BD7350B00D989C3 /* Debug */,
				4BB410F11BD7350B00D989C3 /* Release */,
			);
			defaultConfigurationIsVisible = 0;
		};
		4BB411011BD7354800D989C3 /* Build configuration list for PBXNativeTarget "MeterFeet" */ = {
			isa = XCConfigurationList;
			buildConfigurations = (
				4BB411021BD7354800D989C3 /* Debug */,
				4BB411031BD7354800D989C3 /* Release */,
			);
			defaultConfigurationIsVisible = 0;
		};
/* End XCConfigurationList section */
	};
	rootObject = 4BB410B91BD7350B00D989C3 /* Project object */;
}
